
Microsoft Visual Studio Solution File, Format Version 12.00
# Visual Studio Version 17
VisualStudioVersion = 17.7.34024.191
MinimumVisualStudioVersion = 10.0.40219.1
Project("{9A19103F-16F7-4668-BE54-9A1E7A4F7556}") = "Stellacrum", "Stellacrum.csproj", "{8FB20EED-EEBD-480D-9C9C-A12E629B3931}"
EndProject
Global
	GlobalSection(SolutionConfigurationPlatforms) = preSolution
		Debug|Any CPU = Debug|Any CPU
		ExportDebug|Any CPU = ExportDebug|Any CPU
		ExportRelease|Any CPU = ExportRelease|Any CPU
		Release|Any CPU = Release|Any CPU
	EndGlobalSection
	GlobalSection(ProjectConfigurationPlatforms) = postSolution
		{8FB20EED-EEBD-480D-9C9C-A12E629B3931}.Debug|Any CPU.ActiveCfg = Debug|Any CPU
		{8FB20EED-EEBD-480D-9C9C-A12E629B3931}.Debug|Any CPU.Build.0 = Debug|Any CPU
		{8FB20EED-EEBD-480D-9C9C-A12E629B3931}.ExportDebug|Any CPU.ActiveCfg = ExportDebug|Any CPU
		{8FB20EED-EEBD-480D-9C9C-A12E629B3931}.ExportDebug|Any CPU.Build.0 = ExportDebug|Any CPU
		{8FB20EED-EEBD-480D-9C9C-A12E629B3931}.ExportRelease|Any CPU.ActiveCfg = ExportRelease|Any CPU
		{8FB20EED-EEBD-480D-9C9C-A12E629B3931}.ExportRelease|Any CPU.Build.0 = ExportRelease|Any CPU
		{8FB20EED-EEBD-480D-9C9C-A12E629B3931}.Release|Any CPU.ActiveCfg = Debug|Any CPU
		{8FB20EED-EEBD-480D-9C9C-A12E629B3931}.Release|Any CPU.Build.0 = Debug|Any CPU
	EndGlobalSection
	GlobalSection(SolutionProperties) = preSolution
		HideSolutionNode = FALSE
	EndGlobalSection
	GlobalSection(ExtensibilityGlobals) = postSolution
		SolutionGuid = {109463C0-3689-4385-BD6C-8E91600B64F6}
	EndGlobalSection
EndGlobal
